
Microsoft Visual Studio Solution File, Format Version 12.00
# Visual Studio 2013
VisualStudioVersion = 12.0.40629.0
MinimumVisualStudioVersion = 10.0.40219.1
Project("{FAE04EC0-301F-11D3-BF4B-00C04F79EFBC}") = "BCG_Portal", "BCG_Portal\BCG_Portal.csproj", "{486BD31A-B506-4263-A6A0-9FBB89FBFDCD}"
EndProject
Project("{FAE04EC0-301F-11D3-BF4B-00C04F79EFBC}") = "BCG_Manage", "BCG_Manage\BCG_Manage.csproj", "{E5AC414B-2E09-4E98-9456-21ADDCBE7AD2}"
EndProject
Project("{FAE04EC0-301F-11D3-BF4B-00C04F79EFBC}") = "BCG_DB", "BCG_DB\BCG_DB.csproj", "{8CB3D51F-2349-4560-9291-99A0CF5F92D1}"
EndProject
Global
	GlobalSection(SolutionConfigurationPlatforms) = preSolution
		Debug|Any CPU = Debug|Any CPU
		Release|Any CPU = Release|Any CPU
	EndGlobalSection
	GlobalSection(ProjectConfigurationPlatforms) = postSolution
		{486BD31A-B506-4263-A6A0-9FBB89FBFDCD}.Debug|Any CPU.ActiveCfg = Debug|Any CPU
		{486BD31A-B506-4263-A6A0-9FBB89FBFDCD}.Debug|Any CPU.Build.0 = Debug|Any CPU
		{486BD31A-B506-4263-A6A0-9FBB89FBFDCD}.Release|Any CPU.ActiveCfg = Release|Any CPU
		{486BD31A-B506-4263-A6A0-9FBB89FBFDCD}.Release|Any CPU.Build.0 = Release|Any CPU
		{E5AC414B-2E09-4E98-9456-21ADDCBE7AD2}.Debug|Any CPU.ActiveCfg = Debug|Any CPU
		{E5AC414B-2E09-4E98-9456-21ADDCBE7AD2}.Debug|Any CPU.Build.0 = Debug|Any CPU
		{E5AC414B-2E09-4E98-9456-21ADDCBE7AD2}.Release|Any CPU.ActiveCfg = Release|Any CPU
		{E5AC414B-2E09-4E98-9456-21ADDCBE7AD2}.Release|Any CPU.Build.0 = Release|Any CPU
		{8CB3D51F-2349-4560-9291-99A0CF5F92D1}.Debug|Any CPU.ActiveCfg = Debug|Any CPU
		{8CB3D51F-2349-4560-9291-99A0CF5F92D1}.Debug|Any CPU.Build.0 = Debug|Any CPU
		{8CB3D51F-2349-4560-9291-99A0CF5F92D1}.Release|Any CPU.ActiveCfg = Release|Any CPU
		{8CB3D51F-2349-4560-9291-99A0CF5F92D1}.Release|Any CPU.Build.0 = Release|Any CPU
	EndGlobalSection
	GlobalSection(SolutionProperties) = preSolution
		HideSolutionNode = FALSE
	EndGlobalSection
EndGlobal
