
Microsoft Visual Studio Solution File, Format Version 12.00
# Visual Studio 2013
VisualStudioVersion = 12.0.40629.0
MinimumVisualStudioVersion = 10.0.40219.1
Project("{FAE04EC0-301F-11D3-BF4B-00C04F79EFBC}") = "BCG_Portal", "BCG_Portal\BCG_Portal.csproj", "{486BD31A-B506-4263-A6A0-9FBB89FBFDCD}"
EndProject
Project("{FAE04EC0-301F-11D3-BF4B-00C04F79EFBC}") = "BCG_Manage", "BCG_Manage\BCG_Manage.csproj", "{E5AC414B-2E09-4E98-9456-21ADDCBE7AD2}"
EndProject
Project("{FAE04EC0-301F-11D3-BF4B-00C04F79EFBC}") = "BCG_DB", "BCG_DB\BCG_DB.csproj", "{8CB3D51F-2349-4560-9291-99A0CF5F92D1}"
EndProject
Project("{2150E333-8FDC-42A3-9474-1A3956D46DE8}") = "Solution Items", "Solution Items", "{1C6A90A0-B694-4D61-9A78-2EC6AFEAF510}"
	ProjectSection(SolutionItems) = preProject
		bcg-manage.sln = bcg-manage.sln
		bcg-portal.sln = bcg-portal.sln
	EndProjectSection
EndProject
Project("{FAE04EC0-301F-11D3-BF4B-00C04F79EFBC}") = "BCG_Portal_Models", "BCG_Portal_Models\BCG_Portal_Models.csproj", "{B5FC53F2-817A-4499-B520-FE2EDA7E5F53}"
EndProject
Project("{FAE04EC0-301F-11D3-BF4B-00C04F79EFBC}") = "BCG_Portal_Data", "BCG_Portal_Data\BCG_Portal_Data.csproj", "{F491D324-3C57-4D72-8446-6814B6D6C58A}"
EndProject
Project("{FAE04EC0-301F-11D3-BF4B-00C04F79EFBC}") = "SendMailHelper", "D:\PROGRAMING\MY PROJECTS\External App Helpers\SendMailHelper\SendMailHelper.csproj", "{EC735012-D12D-4C52-BCC4-3940D9CE3165}"
EndProject
Global
	GlobalSection(SolutionConfigurationPlatforms) = preSolution
		Debug|Any CPU = Debug|Any CPU
		Release|Any CPU = Release|Any CPU
	EndGlobalSection
	GlobalSection(ProjectConfigurationPlatforms) = postSolution
		{486BD31A-B506-4263-A6A0-9FBB89FBFDCD}.Debug|Any CPU.ActiveCfg = Debug|Any CPU
		{486BD31A-B506-4263-A6A0-9FBB89FBFDCD}.Debug|Any CPU.Build.0 = Debug|Any CPU
		{486BD31A-B506-4263-A6A0-9FBB89FBFDCD}.Release|Any CPU.ActiveCfg = Release|Any CPU
		{486BD31A-B506-4263-A6A0-9FBB89FBFDCD}.Release|Any CPU.Build.0 = Release|Any CPU
		{E5AC414B-2E09-4E98-9456-21ADDCBE7AD2}.Debug|Any CPU.ActiveCfg = Debug|Any CPU
		{E5AC414B-2E09-4E98-9456-21ADDCBE7AD2}.Debug|Any CPU.Build.0 = Debug|Any CPU
		{E5AC414B-2E09-4E98-9456-21ADDCBE7AD2}.Release|Any CPU.ActiveCfg = Release|Any CPU
		{E5AC414B-2E09-4E98-9456-21ADDCBE7AD2}.Release|Any CPU.Build.0 = Release|Any CPU
		{8CB3D51F-2349-4560-9291-99A0CF5F92D1}.Debug|Any CPU.ActiveCfg = Debug|Any CPU
		{8CB3D51F-2349-4560-9291-99A0CF5F92D1}.Debug|Any CPU.Build.0 = Debug|Any CPU
		{8CB3D51F-2349-4560-9291-99A0CF5F92D1}.Release|Any CPU.ActiveCfg = Release|Any CPU
		{8CB3D51F-2349-4560-9291-99A0CF5F92D1}.Release|Any CPU.Build.0 = Release|Any CPU
		{B5FC53F2-817A-4499-B520-FE2EDA7E5F53}.Debug|Any CPU.ActiveCfg = Debug|Any CPU
		{B5FC53F2-817A-4499-B520-FE2EDA7E5F53}.Debug|Any CPU.Build.0 = Debug|Any CPU
		{B5FC53F2-817A-4499-B520-FE2EDA7E5F53}.Release|Any CPU.ActiveCfg = Release|Any CPU
		{B5FC53F2-817A-4499-B520-FE2EDA7E5F53}.Release|Any CPU.Build.0 = Release|Any CPU
		{F491D324-3C57-4D72-8446-6814B6D6C58A}.Debug|Any CPU.ActiveCfg = Debug|Any CPU
		{F491D324-3C57-4D72-8446-6814B6D6C58A}.Debug|Any CPU.Build.0 = Debug|Any CPU
		{F491D324-3C57-4D72-8446-6814B6D6C58A}.Release|Any CPU.ActiveCfg = Release|Any CPU
		{F491D324-3C57-4D72-8446-6814B6D6C58A}.Release|Any CPU.Build.0 = Release|Any CPU
		{EC735012-D12D-4C52-BCC4-3940D9CE3165}.Debug|Any CPU.ActiveCfg = Debug|Any CPU
		{EC735012-D12D-4C52-BCC4-3940D9CE3165}.Debug|Any CPU.Build.0 = Debug|Any CPU
		{EC735012-D12D-4C52-BCC4-3940D9CE3165}.Release|Any CPU.ActiveCfg = Release|Any CPU
		{EC735012-D12D-4C52-BCC4-3940D9CE3165}.Release|Any CPU.Build.0 = Release|Any CPU
	EndGlobalSection
	GlobalSection(SolutionProperties) = preSolution
		HideSolutionNode = FALSE
	EndGlobalSection
EndGlobal
